
Microsoft Visual Studio Solution File, Format Version 12.00
# Visual Studio Version 16
VisualStudioVersion = 16.0.31624.102
MinimumVisualStudioVersion = 10.0.40219.1
Project("{FAE04EC0-301F-11D3-BF4B-00C04F79EFBC}") = "Bonus_App", "Bonus_App.csproj", "{402C6159-0202-4FD7-BB8D-49F2535ADC8C}"
EndProject
Global
	GlobalSection(SolutionConfigurationPlatforms) = preSolution
		Debug|Any CPU = Debug|Any CPU
		Release|Any CPU = Release|Any CPU
	EndGlobalSection
	GlobalSection(ProjectConfigurationPlatforms) = postSolution
		{402C6159-0202-4FD7-BB8D-49F2535ADC8C}.Debug|Any CPU.ActiveCfg = Debug|Any CPU
		{402C6159-0202-4FD7-BB8D-49F2535ADC8C}.Debug|Any CPU.Build.0 = Debug|Any CPU
		{402C6159-0202-4FD7-BB8D-49F2535ADC8C}.Release|Any CPU.ActiveCfg = Release|Any CPU
		{402C6159-0202-4FD7-BB8D-49F2535ADC8C}.Release|Any CPU.Build.0 = Release|Any CPU
	EndGlobalSection
	GlobalSection(SolutionProperties) = preSolution
		HideSolutionNode = FALSE
	EndGlobalSection
	GlobalSection(ExtensibilityGlobals) = postSolution
		SolutionGuid = {86DDB9DA-0A09-47EE-AE8C-C074EF2C69EB}
	EndGlobalSection
EndGlobal
